
Microsoft Visual Studio Solution File, Format Version 12.00
# Visual Studio 15
VisualStudioVersion = 15.0.27703.2026
MinimumVisualStudioVersion = 10.0.40219.1
Project("{FAE04EC0-301F-11D3-BF4B-00C04F79EFBC}") = "lyq.EntityFramework", "lyq.EntityFramework\lyq.EntityFramework.csproj", "{FB7B557E-71FE-46E4-9850-A6DC5D34743B}"
EndProject
Project("{FAE04EC0-301F-11D3-BF4B-00C04F79EFBC}") = "lyq.Dto", "lyq.Dto\lyq.Dto.csproj", "{21D91B22-16AF-4804-8F48-CD00A6A5D8F1}"
EndProject
Project("{FAE04EC0-301F-11D3-BF4B-00C04F79EFBC}") = "lyq.Service", "lyq.Service\lyq.Service.csproj", "{7F38236E-5D01-4FC9-9641-301B60863451}"
EndProject
Project("{FAE04EC0-301F-11D3-BF4B-00C04F79EFBC}") = "lyq.Entities", "lyq.Entities\lyq.Entities.csproj", "{023DFFBA-AD7C-4775-8121-CD250F866334}"
EndProject
Project("{FAE04EC0-301F-11D3-BF4B-00C04F79EFBC}") = "lyq.IService", "lyq.IService\lyq.IService.csproj", "{4FA86812-8C70-499F-AF74-9054FD04A430}"
EndProject
Project("{FAE04EC0-301F-11D3-BF4B-00C04F79EFBC}") = "lyq.Infrastructure", "lyq.Infrastructure\lyq.Infrastructure.csproj", "{D4CE3501-DAC4-4945-BF90-69A4F782BFB6}"
EndProject
Project("{FAE04EC0-301F-11D3-BF4B-00C04F79EFBC}") = "lyq.Mvc", "lyq.Mvc\lyq.Mvc.csproj", "{1C8E03B3-79DA-4183-A4D5-AD43CA1880B3}"
EndProject
Project("{FAE04EC0-301F-11D3-BF4B-00C04F79EFBC}") = "lyq.Console", "lyq.Console\lyq.Console.csproj", "{F3877953-8479-4C18-A7F6-4120FBEBA021}"
EndProject
Project("{FAE04EC0-301F-11D3-BF4B-00C04F79EFBC}") = "lyq.Api", "lyq.Api\lyq.Api.csproj", "{8175F73C-EB53-4FA1-BC38-7498C22941DB}"
EndProject
Global
	GlobalSection(SolutionConfigurationPlatforms) = preSolution
		Debug|Any CPU = Debug|Any CPU
		Debug|ARM = Debug|ARM
		Debug|x64 = Debug|x64
		Debug|x86 = Debug|x86
		Release|Any CPU = Release|Any CPU
		Release|ARM = Release|ARM
		Release|x64 = Release|x64
		Release|x86 = Release|x86
	EndGlobalSection
	GlobalSection(ProjectConfigurationPlatforms) = postSolution
		{FB7B557E-71FE-46E4-9850-A6DC5D34743B}.Debug|Any CPU.ActiveCfg = Debug|Any CPU
		{FB7B557E-71FE-46E4-9850-A6DC5D34743B}.Debug|Any CPU.Build.0 = Debug|Any CPU
		{FB7B557E-71FE-46E4-9850-A6DC5D34743B}.Debug|ARM.ActiveCfg = Debug|Any CPU
		{FB7B557E-71FE-46E4-9850-A6DC5D34743B}.Debug|ARM.Build.0 = Debug|Any CPU
		{FB7B557E-71FE-46E4-9850-A6DC5D34743B}.Debug|x64.ActiveCfg = Debug|Any CPU
		{FB7B557E-71FE-46E4-9850-A6DC5D34743B}.Debug|x64.Build.0 = Debug|Any CPU
		{FB7B557E-71FE-46E4-9850-A6DC5D34743B}.Debug|x86.ActiveCfg = Debug|Any CPU
		{FB7B557E-71FE-46E4-9850-A6DC5D34743B}.Debug|x86.Build.0 = Debug|Any CPU
		{FB7B557E-71FE-46E4-9850-A6DC5D34743B}.Release|Any CPU.ActiveCfg = Release|Any CPU
		{FB7B557E-71FE-46E4-9850-A6DC5D34743B}.Release|Any CPU.Build.0 = Release|Any CPU
		{FB7B557E-71FE-46E4-9850-A6DC5D34743B}.Release|ARM.ActiveCfg = Release|Any CPU
		{FB7B557E-71FE-46E4-9850-A6DC5D34743B}.Release|ARM.Build.0 = Release|Any CPU
		{FB7B557E-71FE-46E4-9850-A6DC5D34743B}.Release|x64.ActiveCfg = Release|Any CPU
		{FB7B557E-71FE-46E4-9850-A6DC5D34743B}.Release|x64.Build.0 = Release|Any CPU
		{FB7B557E-71FE-46E4-9850-A6DC5D34743B}.Release|x86.ActiveCfg = Release|Any CPU
		{FB7B557E-71FE-46E4-9850-A6DC5D34743B}.Release|x86.Build.0 = Release|Any CPU
		{21D91B22-16AF-4804-8F48-CD00A6A5D8F1}.Debug|Any CPU.ActiveCfg = Debug|Any CPU
		{21D91B22-16AF-4804-8F48-CD00A6A5D8F1}.Debug|Any CPU.Build.0 = Debug|Any CPU
		{21D91B22-16AF-4804-8F48-CD00A6A5D8F1}.Debug|ARM.ActiveCfg = Debug|Any CPU
		{21D91B22-16AF-4804-8F48-CD00A6A5D8F1}.Debug|ARM.Build.0 = Debug|Any CPU
		{21D91B22-16AF-4804-8F48-CD00A6A5D8F1}.Debug|x64.ActiveCfg = Debug|Any CPU
		{21D91B22-16AF-4804-8F48-CD00A6A5D8F1}.Debug|x64.Build.0 = Debug|Any CPU
		{21D91B22-16AF-4804-8F48-CD00A6A5D8F1}.Debug|x86.ActiveCfg = Debug|Any CPU
		{21D91B22-16AF-4804-8F48-CD00A6A5D8F1}.Debug|x86.Build.0 = Debug|Any CPU
		{21D91B22-16AF-4804-8F48-CD00A6A5D8F1}.Release|Any CPU.ActiveCfg = Release|Any CPU
		{21D91B22-16AF-4804-8F48-CD00A6A5D8F1}.Release|Any CPU.Build.0 = Release|Any CPU
		{21D91B22-16AF-4804-8F48-CD00A6A5D8F1}.Release|ARM.ActiveCfg = Release|Any CPU
		{21D91B22-16AF-4804-8F48-CD00A6A5D8F1}.Release|ARM.Build.0 = Release|Any CPU
		{21D91B22-16AF-4804-8F48-CD00A6A5D8F1}.Release|x64.ActiveCfg = Release|Any CPU
		{21D91B22-16AF-4804-8F48-CD00A6A5D8F1}.Release|x64.Build.0 = Release|Any CPU
		{21D91B22-16AF-4804-8F48-CD00A6A5D8F1}.Release|x86.ActiveCfg = Release|Any CPU
		{21D91B22-16AF-4804-8F48-CD00A6A5D8F1}.Release|x86.Build.0 = Release|Any CPU
		{7F38236E-5D01-4FC9-9641-301B60863451}.Debug|Any CPU.ActiveCfg = Debug|Any CPU
		{7F38236E-5D01-4FC9-9641-301B60863451}.Debug|Any CPU.Build.0 = Debug|Any CPU
		{7F38236E-5D01-4FC9-9641-301B60863451}.Debug|ARM.ActiveCfg = Debug|Any CPU
		{7F38236E-5D01-4FC9-9641-301B60863451}.Debug|ARM.Build.0 = Debug|Any CPU
		{7F38236E-5D01-4FC9-9641-301B60863451}.Debug|x64.ActiveCfg = Debug|Any CPU
		{7F38236E-5D01-4FC9-9641-301B60863451}.Debug|x64.Build.0 = Debug|Any CPU
		{7F38236E-5D01-4FC9-9641-301B60863451}.Debug|x86.ActiveCfg = Debug|Any CPU
		{7F38236E-5D01-4FC9-9641-301B60863451}.Debug|x86.Build.0 = Debug|Any CPU
		{7F38236E-5D01-4FC9-9641-301B60863451}.Release|Any CPU.ActiveCfg = Release|Any CPU
		{7F38236E-5D01-4FC9-9641-301B60863451}.Release|Any CPU.Build.0 = Release|Any CPU
		{7F38236E-5D01-4FC9-9641-301B60863451}.Release|ARM.ActiveCfg = Release|Any CPU
		{7F38236E-5D01-4FC9-9641-301B60863451}.Release|ARM.Build.0 = Release|Any CPU
		{7F38236E-5D01-4FC9-9641-301B60863451}.Release|x64.ActiveCfg = Release|Any CPU
		{7F38236E-5D01-4FC9-9641-301B60863451}.Release|x64.Build.0 = Release|Any CPU
		{7F38236E-5D01-4FC9-9641-301B60863451}.Release|x86.ActiveCfg = Release|Any CPU
		{7F38236E-5D01-4FC9-9641-301B60863451}.Release|x86.Build.0 = Release|Any CPU
		{023DFFBA-AD7C-4775-8121-CD250F866334}.Debug|Any CPU.ActiveCfg = Debug|Any CPU
		{023DFFBA-AD7C-4775-8121-CD250F866334}.Debug|Any CPU.Build.0 = Debug|Any CPU
		{023DFFBA-AD7C-4775-8121-CD250F866334}.Debug|ARM.ActiveCfg = Debug|Any CPU
		{023DFFBA-AD7C-4775-8121-CD250F866334}.Debug|ARM.Build.0 = Debug|Any CPU
		{023DFFBA-AD7C-4775-8121-CD250F866334}.Debug|x64.ActiveCfg = Debug|Any CPU
		{023DFFBA-AD7C-4775-8121-CD250F866334}.Debug|x64.Build.0 = Debug|Any CPU
		{023DFFBA-AD7C-4775-8121-CD250F866334}.Debug|x86.ActiveCfg = Debug|Any CPU
		{023DFFBA-AD7C-4775-8121-CD250F866334}.Debug|x86.Build.0 = Debug|Any CPU
		{023DFFBA-AD7C-4775-8121-CD250F866334}.Release|Any CPU.ActiveCfg = Release|Any CPU
		{023DFFBA-AD7C-4775-8121-CD250F866334}.Release|Any CPU.Build.0 = Release|Any CPU
		{023DFFBA-AD7C-4775-8121-CD250F866334}.Release|ARM.ActiveCfg = Release|Any CPU
		{023DFFBA-AD7C-4775-8121-CD250F866334}.Release|ARM.Build.0 = Release|Any CPU
		{023DFFBA-AD7C-4775-8121-CD250F866334}.Release|x64.ActiveCfg = Release|Any CPU
		{023DFFBA-AD7C-4775-8121-CD250F866334}.Release|x64.Build.0 = Release|Any CPU
		{023DFFBA-AD7C-4775-8121-CD250F866334}.Release|x86.ActiveCfg = Release|Any CPU
		{023DFFBA-AD7C-4775-8121-CD250F866334}.Release|x86.Build.0 = Release|Any CPU
		{4FA86812-8C70-499F-AF74-9054FD04A430}.Debug|Any CPU.ActiveCfg = Debug|Any CPU
		{4FA86812-8C70-499F-AF74-9054FD04A430}.Debug|Any CPU.Build.0 = Debug|Any CPU
		{4FA86812-8C70-499F-AF74-9054FD04A430}.Debug|ARM.ActiveCfg = Debug|Any CPU
		{4FA86812-8C70-499F-AF74-9054FD04A430}.Debug|ARM.Build.0 = Debug|Any CPU
		{4FA86812-8C70-499F-AF74-9054FD04A430}.Debug|x64.ActiveCfg = Debug|Any CPU
		{4FA86812-8C70-499F-AF74-9054FD04A430}.Debug|x64.Build.0 = Debug|Any CPU
		{4FA86812-8C70-499F-AF74-9054FD04A430}.Debug|x86.ActiveCfg = Debug|Any CPU
		{4FA86812-8C70-499F-AF74-9054FD04A430}.Debug|x86.Build.0 = Debug|Any CPU
		{4FA86812-8C70-499F-AF74-9054FD04A430}.Release|Any CPU.ActiveCfg = Release|Any CPU
		{4FA86812-8C70-499F-AF74-9054FD04A430}.Release|Any CPU.Build.0 = Release|Any CPU
		{4FA86812-8C70-499F-AF74-9054FD04A430}.Release|ARM.ActiveCfg = Release|Any CPU
		{4FA86812-8C70-499F-AF74-9054FD04A430}.Release|ARM.Build.0 = Release|Any CPU
		{4FA86812-8C70-499F-AF74-9054FD04A430}.Release|x64.ActiveCfg = Release|Any CPU
		{4FA86812-8C70-499F-AF74-9054FD04A430}.Release|x64.Build.0 = Release|Any CPU
		{4FA86812-8C70-499F-AF74-9054FD04A430}.Release|x86.ActiveCfg = Release|Any CPU
		{4FA86812-8C70-499F-AF74-9054FD04A430}.Release|x86.Build.0 = Release|Any CPU
		{D4CE3501-DAC4-4945-BF90-69A4F782BFB6}.Debug|Any CPU.ActiveCfg = Debug|Any CPU
		{D4CE3501-DAC4-4945-BF90-69A4F782BFB6}.Debug|Any CPU.Build.0 = Debug|Any CPU
		{D4CE3501-DAC4-4945-BF90-69A4F782BFB6}.Debug|ARM.ActiveCfg = Debug|Any CPU
		{D4CE3501-DAC4-4945-BF90-69A4F782BFB6}.Debug|ARM.Build.0 = Debug|Any CPU
		{D4CE3501-DAC4-4945-BF90-69A4F782BFB6}.Debug|x64.ActiveCfg = Debug|Any CPU
		{D4CE3501-DAC4-4945-BF90-69A4F782BFB6}.Debug|x64.Build.0 = Debug|Any CPU
		{D4CE3501-DAC4-4945-BF90-69A4F782BFB6}.Debug|x86.ActiveCfg = Debug|Any CPU
		{D4CE3501-DAC4-4945-BF90-69A4F782BFB6}.Debug|x86.Build.0 = Debug|Any CPU
		{D4CE3501-DAC4-4945-BF90-69A4F782BFB6}.Release|Any CPU.ActiveCfg = Release|Any CPU
		{D4CE3501-DAC4-4945-BF90-69A4F782BFB6}.Release|Any CPU.Build.0 = Release|Any CPU
		{D4CE3501-DAC4-4945-BF90-69A4F782BFB6}.Release|ARM.ActiveCfg = Release|Any CPU
		{D4CE3501-DAC4-4945-BF90-69A4F782BFB6}.Release|ARM.Build.0 = Release|Any CPU
		{D4CE3501-DAC4-4945-BF90-69A4F782BFB6}.Release|x64.ActiveCfg = Release|Any CPU
		{D4CE3501-DAC4-4945-BF90-69A4F782BFB6}.Release|x64.Build.0 = Release|Any CPU
		{D4CE3501-DAC4-4945-BF90-69A4F782BFB6}.Release|x86.ActiveCfg = Release|Any CPU
		{D4CE3501-DAC4-4945-BF90-69A4F782BFB6}.Release|x86.Build.0 = Release|Any CPU
		{1C8E03B3-79DA-4183-A4D5-AD43CA1880B3}.Debug|Any CPU.ActiveCfg = Debug|Any CPU
		{1C8E03B3-79DA-4183-A4D5-AD43CA1880B3}.Debug|Any CPU.Build.0 = Debug|Any CPU
		{1C8E03B3-79DA-4183-A4D5-AD43CA1880B3}.Debug|ARM.ActiveCfg = Debug|Any CPU
		{1C8E03B3-79DA-4183-A4D5-AD43CA1880B3}.Debug|ARM.Build.0 = Debug|Any CPU
		{1C8E03B3-79DA-4183-A4D5-AD43CA1880B3}.Debug|x64.ActiveCfg = Debug|Any CPU
		{1C8E03B3-79DA-4183-A4D5-AD43CA1880B3}.Debug|x64.Build.0 = Debug|Any CPU
		{1C8E03B3-79DA-4183-A4D5-AD43CA1880B3}.Debug|x86.ActiveCfg = Debug|Any CPU
		{1C8E03B3-79DA-4183-A4D5-AD43CA1880B3}.Debug|x86.Build.0 = Debug|Any CPU
		{1C8E03B3-79DA-4183-A4D5-AD43CA1880B3}.Release|Any CPU.ActiveCfg = Release|Any CPU
		{1C8E03B3-79DA-4183-A4D5-AD43CA1880B3}.Release|Any CPU.Build.0 = Release|Any CPU
		{1C8E03B3-79DA-4183-A4D5-AD43CA1880B3}.Release|ARM.ActiveCfg = Release|Any CPU
		{1C8E03B3-79DA-4183-A4D5-AD43CA1880B3}.Release|ARM.Build.0 = Release|Any CPU
		{1C8E03B3-79DA-4183-A4D5-AD43CA1880B3}.Release|x64.ActiveCfg = Release|Any CPU
		{1C8E03B3-79DA-4183-A4D5-AD43CA1880B3}.Release|x64.Build.0 = Release|Any CPU
		{1C8E03B3-79DA-4183-A4D5-AD43CA1880B3}.Release|x86.ActiveCfg = Release|Any CPU
		{1C8E03B3-79DA-4183-A4D5-AD43CA1880B3}.Release|x86.Build.0 = Release|Any CPU
		{F3877953-8479-4C18-A7F6-4120FBEBA021}.Debug|Any CPU.ActiveCfg = Debug|Any CPU
		{F3877953-8479-4C18-A7F6-4120FBEBA021}.Debug|Any CPU.Build.0 = Debug|Any CPU
		{F3877953-8479-4C18-A7F6-4120FBEBA021}.Debug|ARM.ActiveCfg = Debug|Any CPU
		{F3877953-8479-4C18-A7F6-4120FBEBA021}.Debug|ARM.Build.0 = Debug|Any CPU
		{F3877953-8479-4C18-A7F6-4120FBEBA021}.Debug|x64.ActiveCfg = Debug|Any CPU
		{F3877953-8479-4C18-A7F6-4120FBEBA021}.Debug|x64.Build.0 = Debug|Any CPU
		{F3877953-8479-4C18-A7F6-4120FBEBA021}.Debug|x86.ActiveCfg = Debug|Any CPU
		{F3877953-8479-4C18-A7F6-4120FBEBA021}.Debug|x86.Build.0 = Debug|Any CPU
		{F3877953-8479-4C18-A7F6-4120FBEBA021}.Release|Any CPU.ActiveCfg = Release|Any CPU
		{F3877953-8479-4C18-A7F6-4120FBEBA021}.Release|Any CPU.Build.0 = Release|Any CPU
		{F3877953-8479-4C18-A7F6-4120FBEBA021}.Release|ARM.ActiveCfg = Release|Any CPU
		{F3877953-8479-4C18-A7F6-4120FBEBA021}.Release|ARM.Build.0 = Release|Any CPU
		{F3877953-8479-4C18-A7F6-4120FBEBA021}.Release|x64.ActiveCfg = Release|Any CPU
		{F3877953-8479-4C18-A7F6-4120FBEBA021}.Release|x64.Build.0 = Release|Any CPU
		{F3877953-8479-4C18-A7F6-4120FBEBA021}.Release|x86.ActiveCfg = Release|Any CPU
		{F3877953-8479-4C18-A7F6-4120FBEBA021}.Release|x86.Build.0 = Release|Any CPU
		{8175F73C-EB53-4FA1-BC38-7498C22941DB}.Debug|Any CPU.ActiveCfg = Debug|Any CPU
		{8175F73C-EB53-4FA1-BC38-7498C22941DB}.Debug|Any CPU.Build.0 = Debug|Any CPU
		{8175F73C-EB53-4FA1-BC38-7498C22941DB}.Debug|ARM.ActiveCfg = Debug|Any CPU
		{8175F73C-EB53-4FA1-BC38-7498C22941DB}.Debug|ARM.Build.0 = Debug|Any CPU
		{8175F73C-EB53-4FA1-BC38-7498C22941DB}.Debug|x64.ActiveCfg = Debug|Any CPU
		{8175F73C-EB53-4FA1-BC38-7498C22941DB}.Debug|x64.Build.0 = Debug|Any CPU
		{8175F73C-EB53-4FA1-BC38-7498C22941DB}.Debug|x86.ActiveCfg = Debug|Any CPU
		{8175F73C-EB53-4FA1-BC38-7498C22941DB}.Debug|x86.Build.0 = Debug|Any CPU
		{8175F73C-EB53-4FA1-BC38-7498C22941DB}.Release|Any CPU.ActiveCfg = Release|Any CPU
		{8175F73C-EB53-4FA1-BC38-7498C22941DB}.Release|Any CPU.Build.0 = Release|Any CPU
		{8175F73C-EB53-4FA1-BC38-7498C22941DB}.Release|ARM.ActiveCfg = Release|Any CPU
		{8175F73C-EB53-4FA1-BC38-7498C22941DB}.Release|ARM.Build.0 = Release|Any CPU
		{8175F73C-EB53-4FA1-BC38-7498C22941DB}.Release|x64.ActiveCfg = Release|Any CPU
		{8175F73C-EB53-4FA1-BC38-7498C22941DB}.Release|x64.Build.0 = Release|Any CPU
		{8175F73C-EB53-4FA1-BC38-7498C22941DB}.Release|x86.ActiveCfg = Release|Any CPU
		{8175F73C-EB53-4FA1-BC38-7498C22941DB}.Release|x86.Build.0 = Release|Any CPU
	EndGlobalSection
	GlobalSection(SolutionProperties) = preSolution
		HideSolutionNode = FALSE
	EndGlobalSection
	GlobalSection(ExtensibilityGlobals) = postSolution
		SolutionGuid = {DA979B1D-083D-42BF-B9A9-00A35588D866}
	EndGlobalSection
EndGlobal
